<?xml version="1.0" encoding="utf-8"?>
<Project ToolsVersion="4.0" xmlns="http://schemas.microsoft.com/developer/msbuild/2003">
  <ItemGroup>
    <ClCompile Include="src\main.cpp">
      <Filter>src</Filter>
    </ClCompile>
    <ClCompile Include="src\testApp.cpp">
      <Filter>src</Filter>
    </ClCompile>
    <ClCompile Include="..\src\DeviceHeader.cpp">
      <Filter>addons\ofxPixelPusher</Filter>
    </ClCompile>
    <ClCompile Include="..\src\DiscoveryListener.cpp">
      <Filter>addons\ofxPixelPusher</Filter>
    </ClCompile>
    <ClCompile Include="..\src\Pixel.cpp">
      <Filter>addons\ofxPixelPusher</Filter>
    </ClCompile>
    <ClCompile Include="..\src\PixelPusher.cpp">
      <Filter>addons\ofxPixelPusher</Filter>
    </ClCompile>
    <ClCompile Include="..\src\Strip.cpp">
      <Filter>addons\ofxPixelPusher</Filter>
    </ClCompile>
    <ClCompile Include="..\..\ofxNetwork\src\ofxTCPClient.cpp">
      <Filter>addons\ofxNetwork</Filter>
    </ClCompile>
    <ClCompile Include="..\..\ofxNetwork\src\ofxTCPManager.cpp">
      <Filter>addons\ofxNetwork</Filter>
    </ClCompile>
    <ClCompile Include="..\..\ofxNetwork\src\ofxTCPServer.cpp">
      <Filter>addons\ofxNetwork</Filter>
    </ClCompile>
    <ClCompile Include="..\..\ofxNetwork\src\ofxUDPManager.cpp">
      <Filter>addons\ofxNetwork</Filter>
    </ClCompile>
  </ItemGroup>
  <ItemGroup>
    <Filter Include="src">
      <UniqueIdentifier>{d8376475-7454-4a24-b08a-aac121d3ad6f}</UniqueIdentifier>
    </Filter>
    <Filter Include="addons">
      <UniqueIdentifier>{d1a46624-aab8-4f34-b8c8-d8121d7ba4e0}</UniqueIdentifier>
    </Filter>
    <Filter Include="addons\ofxPixelPusher">
      <UniqueIdentifier>{67fab1de-8d4a-40ee-883c-acf784078215}</UniqueIdentifier>
    </Filter>
    <Filter Include="addons\ofxNetwork">
      <UniqueIdentifier>{fb80cd33-c06f-4e1b-a5eb-6901da07b1c3}</UniqueIdentifier>
    </Filter>
  </ItemGroup>
  <ItemGroup>
    <ClInclude Include="src\testApp.h">
      <Filter>src</Filter>
    </ClInclude>
    <ClInclude Include="..\src\DeviceHeader.h">
      <Filter>addons\ofxPixelPusher</Filter>
    </ClInclude>
    <ClInclude Include="..\src\DiscoveryListener.h">
      <Filter>addons\ofxPixelPusher</Filter>
    </ClInclude>
    <ClInclude Include="..\src\Pixel.h">
      <Filter>addons\ofxPixelPusher</Filter>
    </ClInclude>
    <ClInclude Include="..\src\PixelPusher.h">
      <Filter>addons\ofxPixelPusher</Filter>
    </ClInclude>
    <ClInclude Include="..\src\Strip.h">
      <Filter>addons\ofxPixelPusher</Filter>
    </ClInclude>
    <ClInclude Include="..\..\ofxNetwork\src\ofxNetwork.h">
      <Filter>addons\ofxNetwork</Filter>
    </ClInclude>
    <ClInclude Include="..\..\ofxNetwork\src\ofxNetworkUtils.h">
      <Filter>addons\ofxNetwork</Filter>
    </ClInclude>
    <ClInclude Include="..\..\ofxNetwork\src\ofxTCPClient.h">
      <Filter>addons\ofxNetwork</Filter>
    </ClInclude>
    <ClInclude Include="..\..\ofxNetwork\src\ofxTCPManager.h">
      <Filter>addons\ofxNetwork</Filter>
    </ClInclude>
    <ClInclude Include="..\..\ofxNetwork\src\ofxTCPServer.h">
      <Filter>addons\ofxNetwork</Filter>
    </ClInclude>
    <ClInclude Include="..\..\ofxNetwork\src\ofxUDPManager.h">
      <Filter>addons\ofxNetwork</Filter>
    </ClInclude>
  </ItemGroup>
</Project>